// !$*UTF8*$!
{
	archiveVersion = 1;
	classes = {
	};
	objectVersion = 50;
	objects = {

/* Begin PBXBuildFile section */
		2E75BE91258FCF4B007DFD0B /* AppDelegate.swift in Sources */ = {isa = PBXBuildFile; fileRef = 2E75BE90258FCF4B007DFD0B /* AppDelegate.swift */; };
		2E75BE93258FCF4B007DFD0B /* SceneDelegate.swift in Sources */ = {isa = PBXBuildFile; fileRef = 2E75BE92258FCF4B007DFD0B /* SceneDelegate.swift */; };
		2E75BE95258FCF4B007DFD0B /* ViewController.swift in Sources */ = {isa = PBXBuildFile; fileRef = 2E75BE94258FCF4B007DFD0B /* ViewController.swift */; };
		2E75BE98258FCF4B007DFD0B /* Main.storyboard in Resources */ = {isa = PBXBuildFile; fileRef = 2E75BE96258FCF4B007DFD0B /* Main.storyboard */; };
		2E75BE9A258FCF4E007DFD0B /* Assets.xcassets in Resources */ = {isa = PBXBuildFile; fileRef = 2E75BE99258FCF4E007DFD0B /* Assets.xcassets */; };
		2E75BE9D258FCF4E007DFD0B /* LaunchScreen.storyboard in Resources */ = {isa = PBXBuildFile; fileRef = 2E75BE9B258FCF4E007DFD0B /* LaunchScreen.storyboard */; };
/* End PBXBuildFile section */

/* Begin PBXFileReference section */
		2E75BE8D258FCF4B007DFD0B /* XylophonE.app */ = {isa = PBXFileReference; explicitFileType = wrapper.application; includeInIndex = 0; path = XylophonE.app; sourceTree = BUILT_PRODUCTS_DIR; };
		2E75BE90258FCF4B007DFD0B /* AppDelegate.swift */ = {isa = PBXFileReference; lastKnownFileType = sourcecode.swift; path = AppDelegate.swift; sourceTree = "<group>"; };
		2E75BE92258FCF4B007DFD0B /* SceneDelegate.swift */ = {isa = PBXFileReference; lastKnownFileType = sourcecode.swift; path = SceneDelegate.swift; sourceTree = "<group>"; };
		2E75BE94258FCF4B007DFD0B /* ViewController.swift */ = {isa = PBXFileReference; lastKnownFileType = sourcecode.swift; path = ViewController.swift; sourceTree = "<group>"; };
		2E75BE97258FCF4B007DFD0B /* Base */ = {isa = PBXFileReference; lastKnownFileType = file.storyboard; name = Base; path = Base.lproj/Main.storyboard; sourceTree = "<group>"; };
		2E75BE99258FCF4E007DFD0B /* Assets.xcassets */ = {isa = PBXFileReference; lastKnownFileType = folder.assetcatalog; path = Assets.xcassets; sourceTree = "<group>"; };
		2E75BE9C258FCF4E007DFD0B /* Base */ = {isa = PBXFileReference; lastKnownFileType = file.storyboard; name = Base; path = Base.lproj/LaunchScreen.storyboard; sourceTree = "<group>"; };
		2E75BE9E258FCF4E007DFD0B /* Info.plist */ = {isa = PBXFileReference; lastKnownFileType = text.plist.xml; path = Info.plist; sourceTree = "<group>"; };
/* End PBXFileReference section */

/* Begin PBXFrameworksBuildPhase section */
		2E75BE8A258FCF4B007DFD0B /* Frameworks */ = {
			isa = PBXFrameworksBuildPhase;
			buildActionMask = 2147483647;
			files = (
			);
			runOnlyForDeploymentPostprocessing = 0;
		};
/* End PBXFrameworksBuildPhase section */

/* Begin PBXGroup section */
		2E75BE84258FCF4B007DFD0B = {
			isa = PBXGroup;
			children = (
				2E75BE8F258FCF4B007DFD0B /* XylophonE */,
				2E75BE8E258FCF4B007DFD0B /* Products */,
			);
			sourceTree = "<group>";
		};
		2E75BE8E258FCF4B007DFD0B /* Products */ = {
			isa = PBXGroup;
			children = (
				2E75BE8D258FCF4B007DFD0B /* XylophonE.app */,
			);
			name = Products;
			sourceTree = "<group>";
		};
		2E75BE8F258FCF4B007DFD0B /* XylophonE */ = {
			isa = PBXGroup;
			children = (
				2E75BE90258FCF4B007DFD0B /* AppDelegate.swift */,
				2E75BE92258FCF4B007DFD0B /* SceneDelegate.swift */,
				2E75BE94258FCF4B007DFD0B /* ViewController.swift */,
				2E75BE96258FCF4B007DFD0B /* Main.storyboard */,
				2E75BE99258FCF4E007DFD0B /* Assets.xcassets */,
				2E75BE9B258FCF4E007DFD0B /* LaunchScreen.storyboard */,
				2E75BE9E258FCF4E007DFD0B /* Info.plist */,
			);
			path = XylophonE;
			sourceTree = "<group>";
		};
/* End PBXGroup section */

/* Begin PBXNativeTarget section */
		2E75BE8C258FCF4B007DFD0B /* XylophonE */ = {
			isa = PBXNativeTarget;
			buildConfigurationList = 2E75BEA1258FCF4E007DFD0B /* Build configuration list for PBXNativeTarget "XylophonE" */;
			buildPhases = (
				2E75BE89258FCF4B007DFD0B /* Sources */,
				2E75BE8A258FCF4B007DFD0B /* Frameworks */,
				2E75BE8B258FCF4B007DFD0B /* Resources */,
			);
			buildRules = (
			);
			dependencies = (
			);
			name = XylophonE;
			productName = XylophonE;
			productReference = 2E75BE8D258FCF4B007DFD0B /* XylophonE.app */;
			productType = "com.apple.product-type.application";
		};
/* End PBXNativeTarget section */

/* Begin PBXProject section */
		2E75BE85258FCF4B007DFD0B /* Project object */ = {
			isa = PBXProject;
			attributes = {
				LastSwiftUpdateCheck = 1220;
				LastUpgradeCheck = 1220;
				TargetAttributes = {
					2E75BE8C258FCF4B007DFD0B = {
						CreatedOnToolsVersion = 12.2;
					};
				};
			};
			buildConfigurationList = 2E75BE88258FCF4B007DFD0B /* Build configuration list for PBXProject "XylophonE" */;
			compatibilityVersion = "Xcode 9.3";
			developmentRegion = en;
			hasScannedForEncodings = 0;
			knownRegions = (
				en,
				Base,
			);
			mainGroup = 2E75BE84258FCF4B007DFD0B;
			productRefGroup = 2E75BE8E258FCF4B007DFD0B /* Products */;
			projectDirPath = "";
			projectRoot = "";
			targets = (
				2E75BE8C258FCF4B007DFD0B /* XylophonE */,
			);
		};
/* End PBXProject section */

/* Begin PBXResourcesBuildPhase section */
		2E75BE8B258FCF4B007DFD0B /* Resources */ = {
			isa = PBXResourcesBuildPhase;
			buildActionMask = 2147483647;
			files = (
				2E75BE9D258FCF4E007DFD0B /* LaunchScreen.storyboard in Resources */,
				2E75BE9A258FCF4E007DFD0B /* Assets.xcassets in Resources */,
				2E75BE98258FCF4B007DFD0B /* Main.storyboard in Resources */,
			);
			runOnlyForDeploymentPostprocessing = 0;
		};
/* End PBXResourcesBuildPhase section */

/* Begin PBXSourcesBuildPhase section */
		2E75BE89258FCF4B007DFD0B /* Sources */ = {
			isa = PBXSourcesBuildPhase;
			buildActionMask = 2147483647;
			files = (
				2E75BE95258FCF4B007DFD0B /* ViewController.swift in Sources */,
				2E75BE91258FCF4B007DFD0B /* AppDelegate.swift in Sources */,
				2E75BE93258FCF4B007DFD0B /* SceneDelegate.swift in Sources */,
			);
			runOnlyForDeploymentPostprocessing = 0;
		};
/* End PBXSourcesBuildPhase section */

/* Begin PBXVariantGroup section */
		2E75BE96258FCF4B007DFD0B /* Main.storyboard */ = {
			isa = PBXVariantGroup;
			children = (
				2E75BE97258FCF4B007DFD0B /* Base */,
			);
			name = Main.storyboard;
			sourceTree = "<group>";
		};
		2E75BE9B258FCF4E007DFD0B /* LaunchScreen.storyboard */ = {
			isa = PBXVariantGroup;
			children = (
				2E75BE9C258FCF4E007DFD0B /* Base */,
			);
			name = LaunchScreen.storyboard;
			sourceTree = "<group>";
		};
/* End PBXVariantGroup section */

/* Begin XCBuildConfiguration section */
		2E75BE9F258FCF4E007DFD0B /* Debug */ = {
			isa = XCBuildConfiguration;
			buildSettings = {
				ALWAYS_SEARCH_USER_PATHS = NO;
				CLANG_ANALYZER_NONNULL = YES;
				CLANG_ANALYZER_NUMBER_OBJECT_CONVERSION = YES_AGGRESSIVE;
				CLANG_CXX_LANGUAGE_STANDARD = "gnu++14";
				CLANG_CXX_LIBRARY = "libc++";
				CLANG_ENABLE_MODULES = YES;
				CLANG_ENABLE_OBJC_ARC = YES;
				CLANG_ENABLE_OBJC_WEAK = YES;
				CLANG_WARN_BLOCK_CAPTURE_AUTORELEASING = YES;
				CLANG_WARN_BOOL_CONVERSION = YES;
				CLANG_WARN_COMMA = YES;
				CLANG_WARN_CONSTANT_CONVERSION = YES;
				CLANG_WARN_DEPRECATED_OBJC_IMPLEMENTATIONS = YES;
				CLANG_WARN_DIRECT_OBJC_ISA_USAGE = YES_ERROR;
				CLANG_WARN_DOCUMENTATION_COMMENTS = YES;
				CLANG_WARN_EMPTY_BODY = YES;
				CLANG_WARN_ENUM_CONVERSION = YES;
				CLANG_WARN_INFINITE_RECURSION = YES;
				CLANG_WARN_INT_CONVERSION = YES;
				CLANG_WARN_NON_LITERAL_NULL_CONVERSION = YES;
				CLANG_WARN_OBJC_IMPLICIT_RETAIN_SELF = YES;
				CLANG_WARN_OBJC_LITERAL_CONVERSION = YES;
				CLANG_WARN_OBJC_ROOT_CLASS = YES_ERROR;
				CLANG_WARN_QUOTED_INCLUDE_IN_FRAMEWORK_HEADER = YES;
				CLANG_WARN_RANGE_LOOP_ANALYSIS = YES;
				CLANG_WARN_STRICT_PROTOTYPES = YES;
				CLANG_WARN_SUSPICIOUS_MOVE = YES;
				CLANG_WARN_UNGUARDED_AVAILABILITY = YES_AGGRESSIVE;
				CLANG_WARN_UNREACHABLE_CODE = YES;
				CLANG_WARN__DUPLICATE_METHOD_MATCH = YES;
				COPY_PHASE_STRIP = NO;
				DEBUG_INFORMATION_FORMAT = dwarf;
				ENABLE_STRICT_OBJC_MSGSEND = YES;
				ENABLE_TESTABILITY = YES;
				GCC_C_LANGUAGE_STANDARD = gnu11;
				GCC_DYNAMIC_NO_PIC = NO;
				GCC_NO_COMMON_BLOCKS = YES;
				GCC_OPTIMIZATION_LEVEL = 0;
				GCC_PREPROCESSOR_DEFINITIONS = (
					"DEBUG=1",
					"$(inherited)",
				);
				GCC_WARN_64_TO_32_BIT_CONVERSION = YES;
				GCC_WARN_ABOUT_RETURN_TYPE = YES_ERROR;
				GCC_WARN_UNDECLARED_SELECTOR = YES;
				GCC_WARN_UNINITIALIZED_AUTOS = YES_AGGRESSIVE;
				GCC_WARN_UNUSED_FUNCTION = YES;
				GCC_WARN_UNUSED_VARIABLE = YES;
				IPHONEOS_DEPLOYMENT_TARGET = 14.2;
				MTL_ENABLE_DEBUG_INFO = INCLUDE_SOURCE;
				MTL_FAST_MATH = YES;
				ONLY_ACTIVE_ARCH = YES;
				SDKROOT = iphoneos;
				SWIFT_ACTIVE_COMPILATION_CONDITIONS = DEBUG;
				SWIFT_OPTIMIZATION_LEVEL = "-Onone";
			};
			name = Debug;
		};
		2E75BEA0258FCF4E007DFD0B /* Release */ = {
			isa = XCBuildConfiguration;
			buildSettings = {
				ALWAYS_SEARCH_USER_PATHS = NO;
				CLANG_ANALYZER_NONNULL = YES;
				CLANG_ANALYZER_NUMBER_OBJECT_CONVERSION = YES_AGGRESSIVE;
				CLANG_CXX_LANGUAGE_STANDARD = "gnu++14";
				CLANG_CXX_LIBRARY = "libc++";
				CLANG_ENABLE_MODULES = YES;
				CLANG_ENABLE_OBJC_ARC = YES;
				CLANG_ENABLE_OBJC_WEAK = YES;
				CLANG_WARN_BLOCK_CAPTURE_AUTORELEASING = YES;
				CLANG_WARN_BOOL_CONVERSION = YES;
				CLANG_WARN_COMMA = YES;
				CLANG_WARN_CONSTANT_CONVERSION = YES;
				CLANG_WARN_DEPRECATED_OBJC_IMPLEMENTATIONS = YES;
				CLANG_WARN_DIRECT_OBJC_ISA_USAGE = YES_ERROR;
				CLANG_WARN_DOCUMENTATION_COMMENTS = YES;
				CLANG_WARN_EMPTY_BODY = YES;
				CLANG_WARN_ENUM_CONVERSION = YES;
				CLANG_WARN_INFINITE_RECURSION = YES;
				CLANG_WARN_INT_CONVERSION = YES;
				CLANG_WARN_NON_LITERAL_NULL_CONVERSION = YES;
				CLANG_WARN_OBJC_IMPLICIT_RETAIN_SELF = YES;
				CLANG_WARN_OBJC_LITERAL_CONVERSION = YES;
				CLANG_WARN_OBJC_ROOT_CLASS = YES_ERROR;
				CLANG_WARN_QUOTED_INCLUDE_IN_FRAMEWORK_HEADER = YES;
				CLANG_WARN_RANGE_LOOP_ANALYSIS = YES;
				CLANG_WARN_STRICT_PROTOTYPES = YES;
				CLANG_WARN_SUSPICIOUS_MOVE = YES;
				CLANG_WARN_UNGUARDED_AVAILABILITY = YES_AGGRESSIVE;
				CLANG_WARN_UNREACHABLE_CODE = YES;
				CLANG_WARN__DUPLICATE_METHOD_MATCH = YES;
				COPY_PHASE_STRIP = NO;
				DEBUG_INFORMATION_FORMAT = "dwarf-with-dsym";
				ENABLE_NS_ASSERTIONS = NO;
				ENABLE_STRICT_OBJC_MSGSEND = YES;
				GCC_C_LANGUAGE_STANDARD = gnu11;
				GCC_NO_COMMON_BLOCKS = YES;
				GCC_WARN_64_TO_32_BIT_CONVERSION = YES;
				GCC_WARN_ABOUT_RETURN_TYPE = YES_ERROR;
				GCC_WARN_UNDECLARED_SELECTOR = YES;
				GCC_WARN_UNINITIALIZED_AUTOS = YES_AGGRESSIVE;
				GCC_WARN_UNUSED_FUNCTION = YES;
				GCC_WARN_UNUSED_VARIABLE = YES;
				IPHONEOS_DEPLOYMENT_TARGET = 14.2;
				MTL_ENABLE_DEBUG_INFO = NO;
				MTL_FAST_MATH = YES;
				SDKROOT = iphoneos;
				SWIFT_COMPILATION_MODE = wholemodule;
				SWIFT_OPTIMIZATION_LEVEL = "-O";
				VALIDATE_PRODUCT = YES;
			};
			name = Release;
		};
		2E75BEA2258FCF4E007DFD0B /* Debug */ = {
			isa = XCBuildConfiguration;
			buildSettings = {
				ASSETCATALOG_COMPILER_APPICON_NAME = AppIcon;
				ASSETCATALOG_COMPILER_GLOBAL_ACCENT_COLOR_NAME = AccentColor;
				CODE_SIGN_STYLE = Automatic;
				INFOPLIST_FILE = XylophonE/Info.plist;
				LD_RUNPATH_SEARCH_PATHS = (
					"$(inherited)",
					"@executable_path/Frameworks",
				);
				PRODUCT_BUNDLE_IDENTIFIER = ru.laranweb.XylophonE;
				PRODUCT_NAME = "$(TARGET_NAME)";
				SWIFT_VERSION = 5.0;
				TARGETED_DEVICE_FAMILY = "1,2";
			};
			name = Debug;
		};
		2E75BEA3258FCF4E007DFD0B /* Release */ = {
			isa = XCBuildConfiguration;
			buildSettings = {
				ASSETCATALOG_COMPILER_APPICON_NAME = AppIcon;
				ASSETCATALOG_COMPILER_GLOBAL_ACCENT_COLOR_NAME = AccentColor;
				CODE_SIGN_STYLE = Automatic;
				INFOPLIST_FILE = XylophonE/Info.plist;
				LD_RUNPATH_SEARCH_PATHS = (
					"$(inherited)",
					"@executable_path/Frameworks",
				);
				PRODUCT_BUNDLE_IDENTIFIER = ru.laranweb.XylophonE;
				PRODUCT_NAME = "$(TARGET_NAME)";
				SWIFT_VERSION = 5.0;
				TARGETED_DEVICE_FAMILY = "1,2";
			};
			name = Release;
		};
/* End XCBuildConfiguration section */

/* Begin XCConfigurationList section */
		2E75BE88258FCF4B007DFD0B /* Build configuration list for PBXProject "XylophonE" */ = {
			isa = XCConfigurationList;
			buildConfigurations = (
				2E75BE9F258FCF4E007DFD0B /* Debug */,
				2E75BEA0258FCF4E007DFD0B /* Release */,
			);
			defaultConfigurationIsVisible = 0;
			defaultConfigurationName = Release;
		};
		2E75BEA1258FCF4E007DFD0B /* Build configuration list for PBXNativeTarget "XylophonE" */ = {
			isa = XCConfigurationList;
			buildConfigurations = (
				2E75BEA2258FCF4E007DFD0B /* Debug */,
				2E75BEA3258FCF4E007DFD0B /* Release */,
			);
			defaultConfigurationIsVisible = 0;
			defaultConfigurationName = Release;
		};
/* End XCConfigurationList section */
	};
	rootObject = 2E75BE85258FCF4B007DFD0B /* Project object */;
}
